
Microsoft Visual Studio Solution File, Format Version 12.00
# Visual Studio Version 16
VisualStudioVersion = 16.0.810.17
MinimumVisualStudioVersion = 10.0.40219.1
Project("{FAE04EC0-301F-11D3-BF4B-00C04F79EFBC}") = "Practice.iOS", "Practice.iOS\Practice.iOS.csproj", "{8CEEB434-6F2D-4C30-8300-C91F628A20F0}"
EndProject
Project("{FAE04EC0-301F-11D3-BF4B-00C04F79EFBC}") = "Practice", "Practice\Practice.csproj", "{66D659B8-3996-46A5-9A92-5CB4984DBF0C}"
EndProject
Global
	GlobalSection(SolutionConfigurationPlatforms) = preSolution
		Debug|iPhoneSimulator = Debug|iPhoneSimulator
		Release|iPhoneSimulator = Release|iPhoneSimulator
		Debug|iPhone = Debug|iPhone
		Release|iPhone = Release|iPhone
		Debug|Any CPU = Debug|Any CPU
		Release|Any CPU = Release|Any CPU
	EndGlobalSection
	GlobalSection(ProjectConfigurationPlatforms) = postSolution
		{8CEEB434-6F2D-4C30-8300-C91F628A20F0}.Debug|iPhoneSimulator.ActiveCfg = Debug|iPhoneSimulator
		{8CEEB434-6F2D-4C30-8300-C91F628A20F0}.Debug|iPhoneSimulator.Build.0 = Debug|iPhoneSimulator
		{8CEEB434-6F2D-4C30-8300-C91F628A20F0}.Release|iPhoneSimulator.ActiveCfg = Release|iPhoneSimulator
		{8CEEB434-6F2D-4C30-8300-C91F628A20F0}.Release|iPhoneSimulator.Build.0 = Release|iPhoneSimulator
		{8CEEB434-6F2D-4C30-8300-C91F628A20F0}.Debug|iPhone.ActiveCfg = Debug|iPhone
		{8CEEB434-6F2D-4C30-8300-C91F628A20F0}.Debug|iPhone.Build.0 = Debug|iPhone
		{8CEEB434-6F2D-4C30-8300-C91F628A20F0}.Release|iPhone.ActiveCfg = Release|iPhone
		{8CEEB434-6F2D-4C30-8300-C91F628A20F0}.Release|iPhone.Build.0 = Release|iPhone
		{8CEEB434-6F2D-4C30-8300-C91F628A20F0}.Debug|Any CPU.ActiveCfg = Debug|iPhoneSimulator
		{8CEEB434-6F2D-4C30-8300-C91F628A20F0}.Debug|Any CPU.Build.0 = Debug|iPhoneSimulator
		{8CEEB434-6F2D-4C30-8300-C91F628A20F0}.Release|Any CPU.ActiveCfg = Release|iPhoneSimulator
		{8CEEB434-6F2D-4C30-8300-C91F628A20F0}.Release|Any CPU.Build.0 = Release|iPhoneSimulator
		{66D659B8-3996-46A5-9A92-5CB4984DBF0C}.Debug|iPhoneSimulator.ActiveCfg = Debug|Any CPU
		{66D659B8-3996-46A5-9A92-5CB4984DBF0C}.Debug|iPhoneSimulator.Build.0 = Debug|Any CPU
		{66D659B8-3996-46A5-9A92-5CB4984DBF0C}.Release|iPhoneSimulator.ActiveCfg = Release|Any CPU
		{66D659B8-3996-46A5-9A92-5CB4984DBF0C}.Release|iPhoneSimulator.Build.0 = Release|Any CPU
		{66D659B8-3996-46A5-9A92-5CB4984DBF0C}.Debug|iPhone.ActiveCfg = Debug|Any CPU
		{66D659B8-3996-46A5-9A92-5CB4984DBF0C}.Debug|iPhone.Build.0 = Debug|Any CPU
		{66D659B8-3996-46A5-9A92-5CB4984DBF0C}.Release|iPhone.ActiveCfg = Release|Any CPU
		{66D659B8-3996-46A5-9A92-5CB4984DBF0C}.Release|iPhone.Build.0 = Release|Any CPU
		{66D659B8-3996-46A5-9A92-5CB4984DBF0C}.Debug|Any CPU.ActiveCfg = Debug|Any CPU
		{66D659B8-3996-46A5-9A92-5CB4984DBF0C}.Debug|Any CPU.Build.0 = Debug|Any CPU
		{66D659B8-3996-46A5-9A92-5CB4984DBF0C}.Release|Any CPU.ActiveCfg = Release|Any CPU
		{66D659B8-3996-46A5-9A92-5CB4984DBF0C}.Release|Any CPU.Build.0 = Release|Any CPU
	EndGlobalSection
	GlobalSection(SolutionProperties) = preSolution
		HideSolutionNode = FALSE
	EndGlobalSection
	GlobalSection(ExtensibilityGlobals) = postSolution
		SolutionGuid = {FC8E0186-069E-4BCA-BC5F-74285C12702E}
	EndGlobalSection
EndGlobal
